{
  "nodes": {
    "nixpkgs": {
      "locked": {
        "lastModified": 1624977608,
        "narHash": "sha256-i/QZI5qM4eYw2wWGd/OjruBx53FqUPq+sdAWmyIQ0ws=",
        "owner": "NixOS",
        "repo": "nixpkgs",
        "rev": "db6e089456cdddcd7e2c1d8dac37a505c797e8fa",
        "type": "github"
      },
      "original": {
        "owner": "NixOS",
        "repo": "nixpkgs",
        "type": "github"
      }
    },
    "root": {
      "inputs": {
        "nixpkgs": "nixpkgs"
      }
    }
  },
  "root": "root",
  "version": 7
}
